# @generated by Move, please check-in and do not edit manually.

[move]
version = 3
manifest_digest = "E904A165C781FEDA130BC33B75CA5B87D262A95923CD7B02DFDE29D1D5705B1B"
deps_digest = "3C4103934B1E040BB6B23F1D610B4EF9F2F1166A50A104EADCF77467C004C600"
dependencies = [
  { id = "Sui", name = "Sui" },
  { id = "Walrus", name = "Walrus" },
]

[[move.package]]
id = "MoveStdlib"
source = { git = "https://github.com/MystenLabs/sui.git", rev = "testnet-v1.45.2", subdir = "crates/sui-framework/packages/move-stdlib" }

[[move.package]]
id = "Sui"
source = { git = "https://github.com/MystenLabs/sui.git", rev = "testnet-v1.45.2", subdir = "crates/sui-framework/packages/sui-framework" }

dependencies = [
  { id = "MoveStdlib", name = "MoveStdlib" },
]

[[move.package]]
id = "WAL"
source = { git = "https://github.com/MystenLabs/walrus.git", rev = "testnet", subdir = "testnet-contracts/wal" }

dependencies = [
  { id = "Sui", name = "Sui" },
]

[[move.package]]
id = "Walrus"
source = { git = "https://github.com/MystenLabs/walrus.git", rev = "testnet", subdir = "testnet-contracts/walrus" }

dependencies = [
  { id = "Sui", name = "Sui" },
  { id = "WAL", name = "WAL" },
]

[move.toolchain-version]
compiler-version = "1.48.0"
edition = "2024.beta"
flavor = "sui"

[env]

[env.testnet]
chain-id = "4c78adac"
original-published-id = "0x3c593b4d6cf3352dbb5fabadd92baa9ab0172e45dc196d2c6dc62d3b41bfa4e4"
latest-published-id = "0x3c593b4d6cf3352dbb5fabadd92baa9ab0172e45dc196d2c6dc62d3b41bfa4e4"
published-version = "1"
